
Microsoft Visual Studio Solution File, Format Version 12.00
# Visual Studio Version 16
VisualStudioVersion = 16.0.31112.23
MinimumVisualStudioVersion = 10.0.40219.1
Project("{9A19103F-16F7-4668-BE54-9A1E7A4F7556}") = "MyRentVehicles.Entities", "MyRentVehicles\MyRentVehicles.Entities.csproj", "{7D21B5B8-2945-4DB6-9EF3-7393CE442108}"
EndProject
Project("{9A19103F-16F7-4668-BE54-9A1E7A4F7556}") = "MyRentVehicles.Test", "MyRentVehicles.Test\MyRentVehicles.Test.csproj", "{3F90BA65-76E9-4F05-8AD2-E9D7A402EA33}"
EndProject
Project("{FAE04EC0-301F-11D3-BF4B-00C04F79EFBC}") = "MyRentVehicles.DAO", "MyRentVehicles.DAO\MyRentVehicles.DAO.csproj", "{78D842C2-F945-4A9F-813C-6538564C0635}"
EndProject
Project("{FAE04EC0-301F-11D3-BF4B-00C04F79EFBC}") = "MyRentVehicles.Services", "MyRentVehicles.Services\MyRentVehicles.Services.csproj", "{5034C4A1-D320-4558-822B-5B3E6C7FAA17}"
EndProject
Project("{FAE04EC0-301F-11D3-BF4B-00C04F79EFBC}") = "MyRentVehicles.APP", "MyRentVehicles.APP\MyRentVehicles.APP.csproj", "{793422B9-6145-48D9-BA4C-ABA2A51FE6C7}"
EndProject
Global
	GlobalSection(SolutionConfigurationPlatforms) = preSolution
		Debug|Any CPU = Debug|Any CPU
		Release|Any CPU = Release|Any CPU
	EndGlobalSection
	GlobalSection(ProjectConfigurationPlatforms) = postSolution
		{7D21B5B8-2945-4DB6-9EF3-7393CE442108}.Debug|Any CPU.ActiveCfg = Debug|Any CPU
		{7D21B5B8-2945-4DB6-9EF3-7393CE442108}.Debug|Any CPU.Build.0 = Debug|Any CPU
		{7D21B5B8-2945-4DB6-9EF3-7393CE442108}.Release|Any CPU.ActiveCfg = Release|Any CPU
		{7D21B5B8-2945-4DB6-9EF3-7393CE442108}.Release|Any CPU.Build.0 = Release|Any CPU
		{3F90BA65-76E9-4F05-8AD2-E9D7A402EA33}.Debug|Any CPU.ActiveCfg = Debug|Any CPU
		{3F90BA65-76E9-4F05-8AD2-E9D7A402EA33}.Debug|Any CPU.Build.0 = Debug|Any CPU
		{3F90BA65-76E9-4F05-8AD2-E9D7A402EA33}.Release|Any CPU.ActiveCfg = Release|Any CPU
		{3F90BA65-76E9-4F05-8AD2-E9D7A402EA33}.Release|Any CPU.Build.0 = Release|Any CPU
		{78D842C2-F945-4A9F-813C-6538564C0635}.Debug|Any CPU.ActiveCfg = Debug|Any CPU
		{78D842C2-F945-4A9F-813C-6538564C0635}.Debug|Any CPU.Build.0 = Debug|Any CPU
		{78D842C2-F945-4A9F-813C-6538564C0635}.Release|Any CPU.ActiveCfg = Release|Any CPU
		{78D842C2-F945-4A9F-813C-6538564C0635}.Release|Any CPU.Build.0 = Release|Any CPU
		{5034C4A1-D320-4558-822B-5B3E6C7FAA17}.Debug|Any CPU.ActiveCfg = Debug|Any CPU
		{5034C4A1-D320-4558-822B-5B3E6C7FAA17}.Debug|Any CPU.Build.0 = Debug|Any CPU
		{5034C4A1-D320-4558-822B-5B3E6C7FAA17}.Release|Any CPU.ActiveCfg = Release|Any CPU
		{5034C4A1-D320-4558-822B-5B3E6C7FAA17}.Release|Any CPU.Build.0 = Release|Any CPU
		{793422B9-6145-48D9-BA4C-ABA2A51FE6C7}.Debug|Any CPU.ActiveCfg = Debug|Any CPU
		{793422B9-6145-48D9-BA4C-ABA2A51FE6C7}.Debug|Any CPU.Build.0 = Debug|Any CPU
		{793422B9-6145-48D9-BA4C-ABA2A51FE6C7}.Release|Any CPU.ActiveCfg = Release|Any CPU
		{793422B9-6145-48D9-BA4C-ABA2A51FE6C7}.Release|Any CPU.Build.0 = Release|Any CPU
	EndGlobalSection
	GlobalSection(SolutionProperties) = preSolution
		HideSolutionNode = FALSE
	EndGlobalSection
	GlobalSection(ExtensibilityGlobals) = postSolution
		SolutionGuid = {97BA90BD-677B-4D10-AA9C-5A2C5E1C8A4C}
	EndGlobalSection
EndGlobal
